
Microsoft Visual Studio Solution File, Format Version 12.00
# Visual Studio Version 17
VisualStudioVersion = 17.1.32210.238
MinimumVisualStudioVersion = 10.0.40219.1
Project("{FAE04EC0-301F-11D3-BF4B-00C04F79EFBC}") = "OnlineExamSystem", "OnlineExamSystem\OnlineExamSystem.csproj", "{278399BC-7711-47CE-80B0-3EE6C3833DF2}"
EndProject
Global
	GlobalSection(SolutionConfigurationPlatforms) = preSolution
		Debug|Any CPU = Debug|Any CPU
		Release|Any CPU = Release|Any CPU
	EndGlobalSection
	GlobalSection(ProjectConfigurationPlatforms) = postSolution
		{278399BC-7711-47CE-80B0-3EE6C3833DF2}.Debug|Any CPU.ActiveCfg = Debug|Any CPU
		{278399BC-7711-47CE-80B0-3EE6C3833DF2}.Debug|Any CPU.Build.0 = Debug|Any CPU
		{278399BC-7711-47CE-80B0-3EE6C3833DF2}.Release|Any CPU.ActiveCfg = Release|Any CPU
		{278399BC-7711-47CE-80B0-3EE6C3833DF2}.Release|Any CPU.Build.0 = Release|Any CPU
	EndGlobalSection
	GlobalSection(SolutionProperties) = preSolution
		HideSolutionNode = FALSE
	EndGlobalSection
	GlobalSection(ExtensibilityGlobals) = postSolution
		SolutionGuid = {4AB68799-8404-47B4-908E-6EB677698903}
	EndGlobalSection
EndGlobal
